
Microsoft Visual Studio Solution File, Format Version 12.00
# Visual Studio Version 17
VisualStudioVersion = 17.0.31903.59
MinimumVisualStudioVersion = 10.0.40219.1
Project("{2150E333-8FDC-42A3-9474-1A3956D46DE8}") = "src", "src", "{D34FD1F9-4026-4CF3-9EC1-0FDE78E9B840}"
EndProject
Project("{FAE04EC0-301F-11D3-BF4B-00C04F79EFBC}") = "XivitaLauncher.Common", "src\XivitaLauncher.Common\XivitaLauncher.Common.csproj", "{57D0C2D1-5F18-48FD-B572-0A983EA4F6B5}"
EndProject
Project("{FAE04EC0-301F-11D3-BF4B-00C04F79EFBC}") = "XivitaLauncher.Common.Unix", "src\XivitaLauncher.Common.Unix\XivitaLauncher.Common.Unix.csproj", "{8E0544BD-9D70-45F0-9224-D563BF8D132F}"
EndProject
Project("{FAE04EC0-301F-11D3-BF4B-00C04F79EFBC}") = "XivitaLauncher.Common.Windows", "src\XivitaLauncher.Common.Windows\XivitaLauncher.Common.Windows.csproj", "{C30E13DA-E214-49A6-BDA1-81F77C6380B4}"
EndProject
Project("{FAE04EC0-301F-11D3-BF4B-00C04F79EFBC}") = "XivitaLauncher", "src\XivitaLauncher\XivitaLauncher.csproj", "{DF25672C-6CAC-4F67-B64A-A6066CF4ABE1}"
EndProject
Global
	GlobalSection(SolutionConfigurationPlatforms) = preSolution
		Debug|Any CPU = Debug|Any CPU
		Release|Any CPU = Release|Any CPU
	EndGlobalSection
	GlobalSection(SolutionProperties) = preSolution
		HideSolutionNode = FALSE
	EndGlobalSection
	GlobalSection(ProjectConfigurationPlatforms) = postSolution
		{57D0C2D1-5F18-48FD-B572-0A983EA4F6B5}.Debug|Any CPU.ActiveCfg = Debug|Any CPU
		{57D0C2D1-5F18-48FD-B572-0A983EA4F6B5}.Debug|Any CPU.Build.0 = Debug|Any CPU
		{57D0C2D1-5F18-48FD-B572-0A983EA4F6B5}.Release|Any CPU.ActiveCfg = Release|Any CPU
		{57D0C2D1-5F18-48FD-B572-0A983EA4F6B5}.Release|Any CPU.Build.0 = Release|Any CPU
		{8E0544BD-9D70-45F0-9224-D563BF8D132F}.Debug|Any CPU.ActiveCfg = Debug|Any CPU
		{8E0544BD-9D70-45F0-9224-D563BF8D132F}.Debug|Any CPU.Build.0 = Debug|Any CPU
		{8E0544BD-9D70-45F0-9224-D563BF8D132F}.Release|Any CPU.ActiveCfg = Release|Any CPU
		{8E0544BD-9D70-45F0-9224-D563BF8D132F}.Release|Any CPU.Build.0 = Release|Any CPU
		{C30E13DA-E214-49A6-BDA1-81F77C6380B4}.Debug|Any CPU.ActiveCfg = Debug|Any CPU
		{C30E13DA-E214-49A6-BDA1-81F77C6380B4}.Debug|Any CPU.Build.0 = Debug|Any CPU
		{C30E13DA-E214-49A6-BDA1-81F77C6380B4}.Release|Any CPU.ActiveCfg = Release|Any CPU
		{C30E13DA-E214-49A6-BDA1-81F77C6380B4}.Release|Any CPU.Build.0 = Release|Any CPU
		{DF25672C-6CAC-4F67-B64A-A6066CF4ABE1}.Debug|Any CPU.ActiveCfg = Debug|Any CPU
		{DF25672C-6CAC-4F67-B64A-A6066CF4ABE1}.Debug|Any CPU.Build.0 = Debug|Any CPU
		{DF25672C-6CAC-4F67-B64A-A6066CF4ABE1}.Release|Any CPU.ActiveCfg = Release|Any CPU
		{DF25672C-6CAC-4F67-B64A-A6066CF4ABE1}.Release|Any CPU.Build.0 = Release|Any CPU
	EndGlobalSection
	GlobalSection(NestedProjects) = preSolution
		{57D0C2D1-5F18-48FD-B572-0A983EA4F6B5} = {D34FD1F9-4026-4CF3-9EC1-0FDE78E9B840}
		{8E0544BD-9D70-45F0-9224-D563BF8D132F} = {D34FD1F9-4026-4CF3-9EC1-0FDE78E9B840}
		{C30E13DA-E214-49A6-BDA1-81F77C6380B4} = {D34FD1F9-4026-4CF3-9EC1-0FDE78E9B840}
		{DF25672C-6CAC-4F67-B64A-A6066CF4ABE1} = {D34FD1F9-4026-4CF3-9EC1-0FDE78E9B840}
	EndGlobalSection
EndGlobal
